{
  "name": "victim-app",
  "version": "1.0.0",
  "lockfileVersion": 3,
  "requires": true,
  "packages": {
    "": {
      "name": "victim-app",
      "version": "1.0.0",
      "license": "ISC",
      "dependencies": {
        "@wahid7852/sentry-runtime-node": "file:../runtime-node",
        "lodash": "^4.17.15"
      }
    },
    "../runtime-node": {
      "name": "@wahid7852/sentry-runtime-node",
      "version": "0.1.0",
      "license": "MIT",
      "dependencies": {
        "node-fetch": "^3.3.2"
      },
      "devDependencies": {},
      "engines": {
        "node": ">=18"
      }
    },
    "node_modules/@wahid7852/sentry-runtime-node": {
      "resolved": "../runtime-node",
      "link": true
    },
    "node_modules/lodash": {
      "version": "4.17.15",
      "resolved": "https://registry.npmjs.org/lodash/-/lodash-4.17.15.tgz",
      "integrity": "sha512-8xOcRHvCjnocdS5cpwXQXVzmmh5e5+saE2QGoeQmbKmRS6J3VQppPOIt0MnmE+4xlZoumy0GPG0D0MVIQbNA1A==",
      "license": "MIT"
    }
  }
}
